{
  "name": "webtraffic2",
  "lockfileVersion": 3,
  "requires": true,
  "packages": {
    "": {
      "dependencies": {
        "two.js": "^0.8.11"
      }
    },
    "node_modules/two.js": {
      "version": "0.8.11",
      "resolved": "https://registry.npmjs.org/two.js/-/two.js-0.8.11.tgz",
      "integrity": "sha512-4lL5Xb+JJPvZhsKkOTWv6wkI0kWOgZrH7BpoNcY2YCpNUkD6VKAGAzVC1UQ4l3uoSTJ4wnqpNKBDSBdun3Q4Yw=="
    }
  }
}
